
Microsoft Visual Studio Solution File, Format Version 12.00
# Visual Studio Version 17
VisualStudioVersion = 17.3.32819.101
MinimumVisualStudioVersion = 10.0.40219.1
Project("{FAE04EC0-301F-11D3-BF4B-00C04F79EFBC}") = "Bookshop Management System Project", "Bookshop Management System Project\Bookshop Management System Project.csproj", "{919749B4-5814-45FA-A425-5513EF6264CB}"
EndProject
Global
	GlobalSection(SolutionConfigurationPlatforms) = preSolution
		Debug|Any CPU = Debug|Any CPU
		Release|Any CPU = Release|Any CPU
	EndGlobalSection
	GlobalSection(ProjectConfigurationPlatforms) = postSolution
		{919749B4-5814-45FA-A425-5513EF6264CB}.Debug|Any CPU.ActiveCfg = Debug|Any CPU
		{919749B4-5814-45FA-A425-5513EF6264CB}.Debug|Any CPU.Build.0 = Debug|Any CPU
		{919749B4-5814-45FA-A425-5513EF6264CB}.Release|Any CPU.ActiveCfg = Release|Any CPU
		{919749B4-5814-45FA-A425-5513EF6264CB}.Release|Any CPU.Build.0 = Release|Any CPU
	EndGlobalSection
	GlobalSection(SolutionProperties) = preSolution
		HideSolutionNode = FALSE
	EndGlobalSection
	GlobalSection(ExtensibilityGlobals) = postSolution
		SolutionGuid = {C8074894-5267-459A-85E4-34FC20CCAD11}
	EndGlobalSection
EndGlobal
